# THIS IS AN AUTOGENERATED FILE. DO NOT EDIT THIS FILE DIRECTLY.
# yarn lockfile v1


stimulus-rails-nested-form@^4.1.0:
  version "4.1.0"
  resolved "https://registry.yarnpkg.com/stimulus-rails-nested-form/-/stimulus-rails-nested-form-4.1.0.tgz#bfce185cff908170a4eb9973875b72517c3bc83a"
  integrity sha512-ORqcTsg3sa4PGFEyUkbvcPG56F4K2fx1qJCUQIgngO1GaW5taKcvDkT0HvdTqtQAFe/1lN4CpJAqoSCt+nYF/Q==

tinymce@^7.6.0:
  version "7.6.0"
  resolved "https://registry.yarnpkg.com/tinymce/-/tinymce-7.6.0.tgz#476069a3e98f46f3f6e7875ca878313d6b3345b9"
  integrity sha512-kUrklnD7H8JbpSDEGRh51GKK6Mrf+pR9neSDzUHvXKV+2oRtMB7sqfAtEOnM0/WKdstwaX0qoNCZNo2H1Y0EFA==
